<?xml version="1.0" encoding="utf-8"?>
<Project ToolsVersion="4.0" xmlns="http://schemas.microsoft.com/developer/msbuild/2003">
  <ItemGroup>
    <Filter Include="源文件">
      <UniqueIdentifier>{4FC737F1-C7A5-4376-A066-2A32D752A2FF}</UniqueIdentifier>
      <Extensions>cpp;c;cc;cxx;def;odl;idl;hpj;bat;asm;asmx</Extensions>
    </Filter>
    <Filter Include="头文件">
      <UniqueIdentifier>{93995380-89BD-4b04-88EB-625FBE52EBFB}</UniqueIdentifier>
      <Extensions>h;hpp;hxx;hm;inl;inc;xsd</Extensions>
    </Filter>
    <Filter Include="资源文件">
      <UniqueIdentifier>{67DA6AB6-F800-4c08-8B7A-83BB121AAD01}</UniqueIdentifier>
      <Extensions>rc;ico;cur;bmp;dlg;rc2;rct;bin;rgs;gif;jpg;jpeg;jpe;resx;tiff;tif;png;wav;mfcribbon-ms</Extensions>
    </Filter>
    <Filter Include="Game">
      <UniqueIdentifier>{7d33e5c6-56bd-43d9-8f3b-a8f9ffe5e58b}</UniqueIdentifier>
    </Filter>
    <Filter Include="Core">
      <UniqueIdentifier>{c7488f84-972d-4fb3-b380-a4b41e3b8c16}</UniqueIdentifier>
    </Filter>
  </ItemGroup>
  <ItemGroup>
    <Text Include="ReadMe.txt" />
  </ItemGroup>
  <ItemGroup>
    <ClInclude Include="stdafx.h">
      <Filter>头文件</Filter>
    </ClInclude>
    <ClInclude Include="targetver.h">
      <Filter>头文件</Filter>
    </ClInclude>
    <ClInclude Include="atgRenderer.h">
      <Filter>Core</Filter>
    </ClInclude>
    <ClInclude Include="atgMath.h">
      <Filter>Core</Filter>
    </ClInclude>
    <ClInclude Include="atgTypeDef.h">
      <Filter>Core</Filter>
    </ClInclude>
    <ClInclude Include="atgBase.h">
      <Filter>Core</Filter>
    </ClInclude>
    <ClInclude Include="atgProfile.h">
      <Filter>Core</Filter>
    </ClInclude>
    <ClInclude Include="atgMisc.h">
      <Filter>Core</Filter>
    </ClInclude>
    <ClInclude Include="atgShaderLibrary.h">
      <Filter>Core</Filter>
    </ClInclude>
    <ClInclude Include="atgGame.h">
      <Filter>Core</Filter>
    </ClInclude>
    <ClInclude Include="atgCamera.h">
      <Filter>Core</Filter>
    </ClInclude>
    <ClInclude Include="perfMonitor.h">
      <Filter>Core</Filter>
    </ClInclude>
    <ClInclude Include="atgIntersection.h">
      <Filter>Core</Filter>
    </ClInclude>
    <ClInclude Include="atgUtility.h">
      <Filter>Core</Filter>
    </ClInclude>
    <ClInclude Include="atgBlenderImport.h">
      <Filter>Game</Filter>
    </ClInclude>
    <ClInclude Include="atgMaterial.h">
      <Filter>Game</Filter>
    </ClInclude>
    <ClInclude Include="atgMesh.h">
      <Filter>Game</Filter>
    </ClInclude>
    <ClInclude Include="atgLight.h">
      <Filter>Core</Filter>
    </ClInclude>
  </ItemGroup>
  <ItemGroup>
    <ClCompile Include="stdafx.cpp">
      <Filter>源文件</Filter>
    </ClCompile>
    <ClCompile Include="GameLib.cpp">
      <Filter>源文件</Filter>
    </ClCompile>
    <ClCompile Include="atgMath.cpp">
      <Filter>Core</Filter>
    </ClCompile>
    <ClCompile Include="atgBase.cpp">
      <Filter>Core</Filter>
    </ClCompile>
    <ClCompile Include="atgRenderer_Common.cpp">
      <Filter>Core</Filter>
    </ClCompile>
    <ClCompile Include="atgProfile.cpp">
      <Filter>Core</Filter>
    </ClCompile>
    <ClCompile Include="atgMisc.cpp">
      <Filter>Core</Filter>
    </ClCompile>
    <ClCompile Include="atgShaderLibrary.cpp">
      <Filter>Core</Filter>
    </ClCompile>
    <ClCompile Include="atgRenderer_dx.cpp">
      <Filter>Core</Filter>
    </ClCompile>
    <ClCompile Include="atgRenderer_ogl.cpp">
      <Filter>Core</Filter>
    </ClCompile>
    <ClCompile Include="atgGame.cpp">
      <Filter>Core</Filter>
    </ClCompile>
    <ClCompile Include="atgCamera.cpp">
      <Filter>Core</Filter>
    </ClCompile>
    <ClCompile Include="perfMonitor.cpp">
      <Filter>Core</Filter>
    </ClCompile>
    <ClCompile Include="atgIntersection.cpp">
      <Filter>Core</Filter>
    </ClCompile>
    <ClCompile Include="atgUtility.cpp">
      <Filter>Core</Filter>
    </ClCompile>
    <ClCompile Include="atgBlenderImport.cpp">
      <Filter>Game</Filter>
    </ClCompile>
    <ClCompile Include="atgMaterial.cpp">
      <Filter>Game</Filter>
    </ClCompile>
    <ClCompile Include="atgMesh.cpp">
      <Filter>Game</Filter>
    </ClCompile>
    <ClCompile Include="atgLight.cpp">
      <Filter>Core</Filter>
    </ClCompile>
  </ItemGroup>
</Project>